
Microsoft Visual Studio Solution File, Format Version 12.00
# Visual Studio Version 17
VisualStudioVersion = 17.7.34202.233
MinimumVisualStudioVersion = 10.0.40219.1
Project("{FAE04EC0-301F-11D3-BF4B-00C04F79EFBC}") = "GUI", "GUI\GUI.csproj", "{518D3017-859F-4647-9246-8C380188911A}"
EndProject
Project("{FAE04EC0-301F-11D3-BF4B-00C04F79EFBC}") = "BLL_DAL", "BLL_DAL\BLL_DAL.csproj", "{08B9D3CB-F496-4F2C-B492-CF03F0408D69}"
EndProject
Project("{FAE04EC0-301F-11D3-BF4B-00C04F79EFBC}") = "ThietKeControl", "ThietKeControl\ThietKeControl.csproj", "{09064CAF-D941-4953-A187-72FBFBFAABDE}"
EndProject
Global
	GlobalSection(SolutionConfigurationPlatforms) = preSolution
		Debug|Any CPU = Debug|Any CPU
		Release|Any CPU = Release|Any CPU
	EndGlobalSection
	GlobalSection(ProjectConfigurationPlatforms) = postSolution
		{518D3017-859F-4647-9246-8C380188911A}.Debug|Any CPU.ActiveCfg = Debug|Any CPU
		{518D3017-859F-4647-9246-8C380188911A}.Debug|Any CPU.Build.0 = Debug|Any CPU
		{518D3017-859F-4647-9246-8C380188911A}.Release|Any CPU.ActiveCfg = Release|Any CPU
		{518D3017-859F-4647-9246-8C380188911A}.Release|Any CPU.Build.0 = Release|Any CPU
		{08B9D3CB-F496-4F2C-B492-CF03F0408D69}.Debug|Any CPU.ActiveCfg = Debug|Any CPU
		{08B9D3CB-F496-4F2C-B492-CF03F0408D69}.Debug|Any CPU.Build.0 = Debug|Any CPU
		{08B9D3CB-F496-4F2C-B492-CF03F0408D69}.Release|Any CPU.ActiveCfg = Release|Any CPU
		{08B9D3CB-F496-4F2C-B492-CF03F0408D69}.Release|Any CPU.Build.0 = Release|Any CPU
		{09064CAF-D941-4953-A187-72FBFBFAABDE}.Debug|Any CPU.ActiveCfg = Debug|Any CPU
		{09064CAF-D941-4953-A187-72FBFBFAABDE}.Debug|Any CPU.Build.0 = Debug|Any CPU
		{09064CAF-D941-4953-A187-72FBFBFAABDE}.Release|Any CPU.ActiveCfg = Release|Any CPU
		{09064CAF-D941-4953-A187-72FBFBFAABDE}.Release|Any CPU.Build.0 = Release|Any CPU
	EndGlobalSection
	GlobalSection(SolutionProperties) = preSolution
		HideSolutionNode = FALSE
	EndGlobalSection
	GlobalSection(ExtensibilityGlobals) = postSolution
		SolutionGuid = {14F495D9-15E7-4443-AF0C-F02CA07A3B2B}
	EndGlobalSection
EndGlobal
